
Microsoft Visual Studio Solution File, Format Version 12.00
# Visual Studio Version 17
VisualStudioVersion = 17.1.32210.238
MinimumVisualStudioVersion = 10.0.40219.1
Project("{9A19103F-16F7-4668-BE54-9A1E7A4F7556}") = "PL", "PL\PL.csproj", "{CE581534-79A6-4302-9678-B25114D4AC1D}"
EndProject
Project("{9A19103F-16F7-4668-BE54-9A1E7A4F7556}") = "DL", "DL\DL.csproj", "{4F09D699-3D23-448C-9F8C-DAEFEEA0CD82}"
EndProject
Project("{9A19103F-16F7-4668-BE54-9A1E7A4F7556}") = "ML", "ML\ML.csproj", "{0903F3CB-F48C-488B-AD61-5C2CD2A3DD25}"
EndProject
Project("{9A19103F-16F7-4668-BE54-9A1E7A4F7556}") = "BL", "BL\BL.csproj", "{DAB5ED36-02A6-4805-A16A-C8EBA3C266A1}"
EndProject
Project("{FAE04EC0-301F-11D3-BF4B-00C04F79EFBC}") = "PL_C", "PL_C\PL_C.csproj", "{6CA97119-23DE-4C94-A7C7-7387B4FC3D31}"
EndProject
Global
	GlobalSection(SolutionConfigurationPlatforms) = preSolution
		Debug|Any CPU = Debug|Any CPU
		Release|Any CPU = Release|Any CPU
	EndGlobalSection
	GlobalSection(ProjectConfigurationPlatforms) = postSolution
		{CE581534-79A6-4302-9678-B25114D4AC1D}.Debug|Any CPU.ActiveCfg = Debug|Any CPU
		{CE581534-79A6-4302-9678-B25114D4AC1D}.Debug|Any CPU.Build.0 = Debug|Any CPU
		{CE581534-79A6-4302-9678-B25114D4AC1D}.Release|Any CPU.ActiveCfg = Release|Any CPU
		{CE581534-79A6-4302-9678-B25114D4AC1D}.Release|Any CPU.Build.0 = Release|Any CPU
		{4F09D699-3D23-448C-9F8C-DAEFEEA0CD82}.Debug|Any CPU.ActiveCfg = Debug|Any CPU
		{4F09D699-3D23-448C-9F8C-DAEFEEA0CD82}.Debug|Any CPU.Build.0 = Debug|Any CPU
		{4F09D699-3D23-448C-9F8C-DAEFEEA0CD82}.Release|Any CPU.ActiveCfg = Release|Any CPU
		{4F09D699-3D23-448C-9F8C-DAEFEEA0CD82}.Release|Any CPU.Build.0 = Release|Any CPU
		{0903F3CB-F48C-488B-AD61-5C2CD2A3DD25}.Debug|Any CPU.ActiveCfg = Debug|Any CPU
		{0903F3CB-F48C-488B-AD61-5C2CD2A3DD25}.Debug|Any CPU.Build.0 = Debug|Any CPU
		{0903F3CB-F48C-488B-AD61-5C2CD2A3DD25}.Release|Any CPU.ActiveCfg = Release|Any CPU
		{0903F3CB-F48C-488B-AD61-5C2CD2A3DD25}.Release|Any CPU.Build.0 = Release|Any CPU
		{DAB5ED36-02A6-4805-A16A-C8EBA3C266A1}.Debug|Any CPU.ActiveCfg = Debug|Any CPU
		{DAB5ED36-02A6-4805-A16A-C8EBA3C266A1}.Debug|Any CPU.Build.0 = Debug|Any CPU
		{DAB5ED36-02A6-4805-A16A-C8EBA3C266A1}.Release|Any CPU.ActiveCfg = Release|Any CPU
		{DAB5ED36-02A6-4805-A16A-C8EBA3C266A1}.Release|Any CPU.Build.0 = Release|Any CPU
		{6CA97119-23DE-4C94-A7C7-7387B4FC3D31}.Debug|Any CPU.ActiveCfg = Debug|Any CPU
		{6CA97119-23DE-4C94-A7C7-7387B4FC3D31}.Debug|Any CPU.Build.0 = Debug|Any CPU
		{6CA97119-23DE-4C94-A7C7-7387B4FC3D31}.Release|Any CPU.ActiveCfg = Release|Any CPU
		{6CA97119-23DE-4C94-A7C7-7387B4FC3D31}.Release|Any CPU.Build.0 = Release|Any CPU
	EndGlobalSection
	GlobalSection(SolutionProperties) = preSolution
		HideSolutionNode = FALSE
	EndGlobalSection
	GlobalSection(ExtensibilityGlobals) = postSolution
		SolutionGuid = {3B32108A-CB8F-494E-83E5-9EC69F163BEB}
	EndGlobalSection
EndGlobal
